// !$*UTF8*$!
{
	archiveVersion = 1;
	classes = {
	};
	objectVersion = 46;
	objects = {

/* Begin PBXBuildFile section */
		16A91D821B16B0BB00C07E20 /* AppDelegate.swift in Sources */ = {isa = PBXBuildFile; fileRef = 16A91D811B16B0BB00C07E20 /* AppDelegate.swift */; };
		16A91D841B16B0BB00C07E20 /* ViewController.swift in Sources */ = {isa = PBXBuildFile; fileRef = 16A91D831B16B0BB00C07E20 /* ViewController.swift */; };
		16A91D871B16B0BB00C07E20 /* Main.storyboard in Resources */ = {isa = PBXBuildFile; fileRef = 16A91D851B16B0BB00C07E20 /* Main.storyboard */; };
		16A91D891B16B0BB00C07E20 /* Images.xcassets in Resources */ = {isa = PBXBuildFile; fileRef = 16A91D881B16B0BB00C07E20 /* Images.xcassets */; };
		16A91D8C1B16B0BB00C07E20 /* LaunchScreen.xib in Resources */ = {isa = PBXBuildFile; fileRef = 16A91D8A1B16B0BB00C07E20 /* LaunchScreen.xib */; };
		16A91D981B16B0BB00C07E20 /* CanvasDemoTests.swift in Sources */ = {isa = PBXBuildFile; fileRef = 16A91D971B16B0BB00C07E20 /* CanvasDemoTests.swift */; };
/* End PBXBuildFile section */

/* Begin PBXContainerItemProxy section */
		16A91D921B16B0BB00C07E20 /* PBXContainerItemProxy */ = {
			isa = PBXContainerItemProxy;
			containerPortal = 16A91D741B16B0BB00C07E20 /* Project object */;
			proxyType = 1;
			remoteGlobalIDString = 16A91D7B1B16B0BB00C07E20;
			remoteInfo = CanvasDemo;
		};
/* End PBXContainerItemProxy section */

/* Begin PBXFileReference section */
		16A91D7C1B16B0BB00C07E20 /* CanvasDemo.app */ = {isa = PBXFileReference; explicitFileType = wrapper.application; includeInIndex = 0; path = CanvasDemo.app; sourceTree = BUILT_PRODUCTS_DIR; };
		16A91D801B16B0BB00C07E20 /* Info.plist */ = {isa = PBXFileReference; lastKnownFileType = text.plist.xml; path = Info.plist; sourceTree = "<group>"; };
		16A91D811B16B0BB00C07E20 /* AppDelegate.swift */ = {isa = PBXFileReference; lastKnownFileType = sourcecode.swift; path = AppDelegate.swift; sourceTree = "<group>"; };
		16A91D831B16B0BB00C07E20 /* ViewController.swift */ = {isa = PBXFileReference; lastKnownFileType = sourcecode.swift; path = ViewController.swift; sourceTree = "<group>"; };
		16A91D861B16B0BB00C07E20 /* Base */ = {isa = PBXFileReference; lastKnownFileType = file.storyboard; name = Base; path = Base.lproj/Main.storyboard; sourceTree = "<group>"; };
		16A91D881B16B0BB00C07E20 /* Images.xcassets */ = {isa = PBXFileReference; lastKnownFileType = folder.assetcatalog; path = Images.xcassets; sourceTree = "<group>"; };
		16A91D8B1B16B0BB00C07E20 /* Base */ = {isa = PBXFileReference; lastKnownFileType = file.xib; name = Base; path = Base.lproj/LaunchScreen.xib; sourceTree = "<group>"; };
		16A91D911B16B0BB00C07E20 /* CanvasDemoTests.xctest */ = {isa = PBXFileReference; explicitFileType = wrapper.cfbundle; includeInIndex = 0; path = CanvasDemoTests.xctest; sourceTree = BUILT_PRODUCTS_DIR; };
		16A91D961B16B0BB00C07E20 /* Info.plist */ = {isa = PBXFileReference; lastKnownFileType = text.plist.xml; path = Info.plist; sourceTree = "<group>"; };
		16A91D971B16B0BB00C07E20 /* CanvasDemoTests.swift */ = {isa = PBXFileReference; lastKnownFileType = sourcecode.swift; path = CanvasDemoTests.swift; sourceTree = "<group>"; };
/* End PBXFileReference section */

/* Begin PBXFrameworksBuildPhase section */
		16A91D791B16B0BB00C07E20 /* Frameworks */ = {
			isa = PBXFrameworksBuildPhase;
			buildActionMask = 2147483647;
			files = (
			);
			runOnlyForDeploymentPostprocessing = 0;
		};
		16A91D8E1B16B0BB00C07E20 /* Frameworks */ = {
			isa = PBXFrameworksBuildPhase;
			buildActionMask = 2147483647;
			files = (
			);
			runOnlyForDeploymentPostprocessing = 0;
		};
/* End PBXFrameworksBuildPhase section */

/* Begin PBXGroup section */
		16A91D731B16B0BB00C07E20 = {
			isa = PBXGroup;
			children = (
				16A91D7E1B16B0BB00C07E20 /* CanvasDemo */,
				16A91D941B16B0BB00C07E20 /* CanvasDemoTests */,
				16A91D7D1B16B0BB00C07E20 /* Products */,
			);
			sourceTree = "<group>";
		};
		16A91D7D1B16B0BB00C07E20 /* Products */ = {
			isa = PBXGroup;
			children = (
				16A91D7C1B16B0BB00C07E20 /* CanvasDemo.app */,
				16A91D911B16B0BB00C07E20 /* CanvasDemoTests.xctest */,
			);
			name = Products;
			sourceTree = "<group>";
		};
		16A91D7E1B16B0BB00C07E20 /* CanvasDemo */ = {
			isa = PBXGroup;
			children = (
				16A91D811B16B0BB00C07E20 /* AppDelegate.swift */,
				16A91D831B16B0BB00C07E20 /* ViewController.swift */,
				16A91D851B16B0BB00C07E20 /* Main.storyboard */,
				16A91D881B16B0BB00C07E20 /* Images.xcassets */,
				16A91D8A1B16B0BB00C07E20 /* LaunchScreen.xib */,
				16A91D7F1B16B0BB00C07E20 /* Supporting Files */,
			);
			path = CanvasDemo;
			sourceTree = "<group>";
		};
		16A91D7F1B16B0BB00C07E20 /* Supporting Files */ = {
			isa = PBXGroup;
			children = (
				16A91D801B16B0BB00C07E20 /* Info.plist */,
			);
			name = "Supporting Files";
			sourceTree = "<group>";
		};
		16A91D941B16B0BB00C07E20 /* CanvasDemoTests */ = {
			isa = PBXGroup;
			children = (
				16A91D971B16B0BB00C07E20 /* CanvasDemoTests.swift */,
				16A91D951B16B0BB00C07E20 /* Supporting Files */,
			);
			path = CanvasDemoTests;
			sourceTree = "<group>";
		};
		16A91D951B16B0BB00C07E20 /* Supporting Files */ = {
			isa = PBXGroup;
			children = (
				16A91D961B16B0BB00C07E20 /* Info.plist */,
			);
			name = "Supporting Files";
			sourceTree = "<group>";
		};
/* End PBXGroup section */

/* Begin PBXNativeTarget section */
		16A91D7B1B16B0BB00C07E20 /* CanvasDemo */ = {
			isa = PBXNativeTarget;
			buildConfigurationList = 16A91D9B1B16B0BB00C07E20 /* Build configuration list for PBXNativeTarget "CanvasDemo" */;
			buildPhases = (
				16A91D781B16B0BB00C07E20 /* Sources */,
				16A91D791B16B0BB00C07E20 /* Frameworks */,
				16A91D7A1B16B0BB00C07E20 /* Resources */,
			);
			buildRules = (
			);
			dependencies = (
			);
			name = CanvasDemo;
			productName = CanvasDemo;
			productReference = 16A91D7C1B16B0BB00C07E20 /* CanvasDemo.app */;
			productType = "com.apple.product-type.application";
		};
		16A91D901B16B0BB00C07E20 /* CanvasDemoTests */ = {
			isa = PBXNativeTarget;
			buildConfigurationList = 16A91D9E1B16B0BB00C07E20 /* Build configuration list for PBXNativeTarget "CanvasDemoTests" */;
			buildPhases = (
				16A91D8D1B16B0BB00C07E20 /* Sources */,
				16A91D8E1B16B0BB00C07E20 /* Frameworks */,
				16A91D8F1B16B0BB00C07E20 /* Resources */,
			);
			buildRules = (
			);
			dependencies = (
				16A91D931B16B0BB00C07E20 /* PBXTargetDependency */,
			);
			name = CanvasDemoTests;
			productName = CanvasDemoTests;
			productReference = 16A91D911B16B0BB00C07E20 /* CanvasDemoTests.xctest */;
			productType = "com.apple.product-type.bundle.unit-test";
		};
/* End PBXNativeTarget section */

/* Begin PBXProject section */
		16A91D741B16B0BB00C07E20 /* Project object */ = {
			isa = PBXProject;
			attributes = {
				LastUpgradeCheck = 0630;
				ORGANIZATIONNAME = "Twister Labs, LLC";
				TargetAttributes = {
					16A91D7B1B16B0BB00C07E20 = {
						CreatedOnToolsVersion = 6.3.1;
					};
					16A91D901B16B0BB00C07E20 = {
						CreatedOnToolsVersion = 6.3.1;
						TestTargetID = 16A91D7B1B16B0BB00C07E20;
					};
				};
			};
			buildConfigurationList = 16A91D771B16B0BB00C07E20 /* Build configuration list for PBXProject "CanvasDemo" */;
			compatibilityVersion = "Xcode 3.2";
			developmentRegion = English;
			hasScannedForEncodings = 0;
			knownRegions = (
				en,
				Base,
			);
			mainGroup = 16A91D731B16B0BB00C07E20;
			productRefGroup = 16A91D7D1B16B0BB00C07E20 /* Products */;
			projectDirPath = "";
			projectRoot = "";
			targets = (
				16A91D7B1B16B0BB00C07E20 /* CanvasDemo */,
				16A91D901B16B0BB00C07E20 /* CanvasDemoTests */,
			);
		};
/* End PBXProject section */

/* Begin PBXResourcesBuildPhase section */
		16A91D7A1B16B0BB00C07E20 /* Resources */ = {
			isa = PBXResourcesBuildPhase;
			buildActionMask = 2147483647;
			files = (
				16A91D871B16B0BB00C07E20 /* Main.storyboard in Resources */,
				16A91D8C1B16B0BB00C07E20 /* LaunchScreen.xib in Resources */,
				16A91D891B16B0BB00C07E20 /* Images.xcassets in Resources */,
			);
			runOnlyForDeploymentPostprocessing = 0;
		};
		16A91D8F1B16B0BB00C07E20 /* Resources */ = {
			isa = PBXResourcesBuildPhase;
			buildActionMask = 2147483647;
			files = (
			);
			runOnlyForDeploymentPostprocessing = 0;
		};
/* End PBXResourcesBuildPhase section */

/* Begin PBXSourcesBuildPhase section */
		16A91D781B16B0BB00C07E20 /* Sources */ = {
			isa = PBXSourcesBuildPhase;
			buildActionMask = 2147483647;
			files = (
				16A91D841B16B0BB00C07E20 /* ViewController.swift in Sources */,
				16A91D821B16B0BB00C07E20 /* AppDelegate.swift in Sources */,
			);
			runOnlyForDeploymentPostprocessing = 0;
		};
		16A91D8D1B16B0BB00C07E20 /* Sources */ = {
			isa = PBXSourcesBuildPhase;
			buildActionMask = 2147483647;
			files = (
				16A91D981B16B0BB00C07E20 /* CanvasDemoTests.swift in Sources */,
			);
			runOnlyForDeploymentPostprocessing = 0;
		};
/* End PBXSourcesBuildPhase section */

/* Begin PBXTargetDependency section */
		16A91D931B16B0BB00C07E20 /* PBXTargetDependency */ = {
			isa = PBXTargetDependency;
			target = 16A91D7B1B16B0BB00C07E20 /* CanvasDemo */;
			targetProxy = 16A91D921B16B0BB00C07E20 /* PBXContainerItemProxy */;
		};
/* End PBXTargetDependency section */

/* Begin PBXVariantGroup section */
		16A91D851B16B0BB00C07E20 /* Main.storyboard */ = {
			isa = PBXVariantGroup;
			children = (
				16A91D861B16B0BB00C07E20 /* Base */,
			);
			name = Main.storyboard;
			sourceTree = "<group>";
		};
		16A91D8A1B16B0BB00C07E20 /* LaunchScreen.xib */ = {
			isa = PBXVariantGroup;
			children = (
				16A91D8B1B16B0BB00C07E20 /* Base */,
			);
			name = LaunchScreen.xib;
			sourceTree = "<group>";
		};
/* End PBXVariantGroup section */

/* Begin XCBuildConfiguration section */
		16A91D991B16B0BB00C07E20 /* Debug */ = {
			isa = XCBuildConfiguration;
			buildSettings = {
				ALWAYS_SEARCH_USER_PATHS = NO;
				CLANG_CXX_LANGUAGE_STANDARD = "gnu++0x";
				CLANG_CXX_LIBRARY = "libc++";
				CLANG_ENABLE_MODULES = YES;
				CLANG_ENABLE_OBJC_ARC = YES;
				CLANG_WARN_BOOL_CONVERSION = YES;
				CLANG_WARN_CONSTANT_CONVERSION = YES;
				CLANG_WARN_DIRECT_OBJC_ISA_USAGE = YES_ERROR;
				CLANG_WARN_EMPTY_BODY = YES;
				CLANG_WARN_ENUM_CONVERSION = YES;
				CLANG_WARN_INT_CONVERSION = YES;
				CLANG_WARN_OBJC_ROOT_CLASS = YES_ERROR;
				CLANG_WARN_UNREACHABLE_CODE = YES;
				CLANG_WARN__DUPLICATE_METHOD_MATCH = YES;
				"CODE_SIGN_IDENTITY[sdk=iphoneos*]" = "iPhone Developer";
				COPY_PHASE_STRIP = NO;
				DEBUG_INFORMATION_FORMAT = "dwarf-with-dsym";
				ENABLE_STRICT_OBJC_MSGSEND = YES;
				GCC_C_LANGUAGE_STANDARD = gnu99;
				GCC_DYNAMIC_NO_PIC = NO;
				GCC_NO_COMMON_BLOCKS = YES;
				GCC_OPTIMIZATION_LEVEL = 0;
				GCC_PREPROCESSOR_DEFINITIONS = (
					"DEBUG=1",
					"$(inherited)",
				);
				GCC_SYMBOLS_PRIVATE_EXTERN = NO;
				GCC_WARN_64_TO_32_BIT_CONVERSION = YES;
				GCC_WARN_ABOUT_RETURN_TYPE = YES_ERROR;
				GCC_WARN_UNDECLARED_SELECTOR = YES;
				GCC_WARN_UNINITIALIZED_AUTOS = YES_AGGRESSIVE;
				GCC_WARN_UNUSED_FUNCTION = YES;
				GCC_WARN_UNUSED_VARIABLE = YES;
				IPHONEOS_DEPLOYMENT_TARGET = 8.3;
				MTL_ENABLE_DEBUG_INFO = YES;
				ONLY_ACTIVE_ARCH = YES;
				SDKROOT = iphoneos;
				SWIFT_OPTIMIZATION_LEVEL = "-Onone";
				TARGETED_DEVICE_FAMILY = "1,2";
			};
			name = Debug;
		};
		16A91D9A1B16B0BB00C07E20 /* Release */ = {
			isa = XCBuildConfiguration;
			buildSettings = {
				ALWAYS_SEARCH_USER_PATHS = NO;
				CLANG_CXX_LANGUAGE_STANDARD = "gnu++0x";
				CLANG_CXX_LIBRARY = "libc++";
				CLANG_ENABLE_MODULES = YES;
				CLANG_ENABLE_OBJC_ARC = YES;
				CLANG_WARN_BOOL_CONVERSION = YES;
				CLANG_WARN_CONSTANT_CONVERSION = YES;
				CLANG_WARN_DIRECT_OBJC_ISA_USAGE = YES_ERROR;
				CLANG_WARN_EMPTY_BODY = YES;
				CLANG_WARN_ENUM_CONVERSION = YES;
				CLANG_WARN_INT_CONVERSION = YES;
				CLANG_WARN_OBJC_ROOT_CLASS = YES_ERROR;
				CLANG_WARN_UNREACHABLE_CODE = YES;
				CLANG_WARN__DUPLICATE_METHOD_MATCH = YES;
				"CODE_SIGN_IDENTITY[sdk=iphoneos*]" = "iPhone Developer";
				COPY_PHASE_STRIP = NO;
				DEBUG_INFORMATION_FORMAT = "dwarf-with-dsym";
				ENABLE_NS_ASSERTIONS = NO;
				ENABLE_STRICT_OBJC_MSGSEND = YES;
				GCC_C_LANGUAGE_STANDARD = gnu99;
				GCC_NO_COMMON_BLOCKS = YES;
				GCC_WARN_64_TO_32_BIT_CONVERSION = YES;
				GCC_WARN_ABOUT_RETURN_TYPE = YES_ERROR;
				GCC_WARN_UNDECLARED_SELECTOR = YES;
				GCC_WARN_UNINITIALIZED_AUTOS = YES_AGGRESSIVE;
				GCC_WARN_UNUSED_FUNCTION = YES;
				GCC_WARN_UNUSED_VARIABLE = YES;
				IPHONEOS_DEPLOYMENT_TARGET = 8.3;
				MTL_ENABLE_DEBUG_INFO = NO;
				SDKROOT = iphoneos;
				TARGETED_DEVICE_FAMILY = "1,2";
				VALIDATE_PRODUCT = YES;
			};
			name = Release;
		};
		16A91D9C1B16B0BB00C07E20 /* Debug */ = {
			isa = XCBuildConfiguration;
			buildSettings = {
				ASSETCATALOG_COMPILER_APPICON_NAME = AppIcon;
				INFOPLIST_FILE = CanvasDemo/Info.plist;
				LD_RUNPATH_SEARCH_PATHS = "$(inherited) @executable_path/Frameworks";
				PRODUCT_NAME = "$(TARGET_NAME)";
			};
			name = Debug;
		};
		16A91D9D1B16B0BB00C07E20 /* Release */ = {
			isa = XCBuildConfiguration;
			buildSettings = {
				ASSETCATALOG_COMPILER_APPICON_NAME = AppIcon;
				INFOPLIST_FILE = CanvasDemo/Info.plist;
				LD_RUNPATH_SEARCH_PATHS = "$(inherited) @executable_path/Frameworks";
				PRODUCT_NAME = "$(TARGET_NAME)";
			};
			name = Release;
		};
		16A91D9F1B16B0BB00C07E20 /* Debug */ = {
			isa = XCBuildConfiguration;
			buildSettings = {
				BUNDLE_LOADER = "$(TEST_HOST)";
				FRAMEWORK_SEARCH_PATHS = (
					"$(SDKROOT)/Developer/Library/Frameworks",
					"$(inherited)",
				);
				GCC_PREPROCESSOR_DEFINITIONS = (
					"DEBUG=1",
					"$(inherited)",
				);
				INFOPLIST_FILE = CanvasDemoTests/Info.plist;
				LD_RUNPATH_SEARCH_PATHS = "$(inherited) @executable_path/Frameworks @loader_path/Frameworks";
				PRODUCT_NAME = "$(TARGET_NAME)";
				TEST_HOST = "$(BUILT_PRODUCTS_DIR)/CanvasDemo.app/CanvasDemo";
			};
			name = Debug;
		};
		16A91DA01B16B0BB00C07E20 /* Release */ = {
			isa = XCBuildConfiguration;
			buildSettings = {
				BUNDLE_LOADER = "$(TEST_HOST)";
				FRAMEWORK_SEARCH_PATHS = (
					"$(SDKROOT)/Developer/Library/Frameworks",
					"$(inherited)",
				);
				INFOPLIST_FILE = CanvasDemoTests/Info.plist;
				LD_RUNPATH_SEARCH_PATHS = "$(inherited) @executable_path/Frameworks @loader_path/Frameworks";
				PRODUCT_NAME = "$(TARGET_NAME)";
				TEST_HOST = "$(BUILT_PRODUCTS_DIR)/CanvasDemo.app/CanvasDemo";
			};
			name = Release;
		};
/* End XCBuildConfiguration section */

/* Begin XCConfigurationList section */
		16A91D771B16B0BB00C07E20 /* Build configuration list for PBXProject "CanvasDemo" */ = {
			isa = XCConfigurationList;
			buildConfigurations = (
				16A91D991B16B0BB00C07E20 /* Debug */,
				16A91D9A1B16B0BB00C07E20 /* Release */,
			);
			defaultConfigurationIsVisible = 0;
			defaultConfigurationName = Release;
		};
		16A91D9B1B16B0BB00C07E20 /* Build configuration list for PBXNativeTarget "CanvasDemo" */ = {
			isa = XCConfigurationList;
			buildConfigurations = (
				16A91D9C1B16B0BB00C07E20 /* Debug */,
				16A91D9D1B16B0BB00C07E20 /* Release */,
			);
			defaultConfigurationIsVisible = 0;
		};
		16A91D9E1B16B0BB00C07E20 /* Build configuration list for PBXNativeTarget "CanvasDemoTests" */ = {
			isa = XCConfigurationList;
			buildConfigurations = (
				16A91D9F1B16B0BB00C07E20 /* Debug */,
				16A91DA01B16B0BB00C07E20 /* Release */,
			);
			defaultConfigurationIsVisible = 0;
		};
/* End XCConfigurationList section */
	};
	rootObject = 16A91D741B16B0BB00C07E20 /* Project object */;
}
